// !$*UTF8*$!
{
	archiveVersion = 1;
	classes = {
	};
	objectVersion = 46;
	objects = {

/* Begin PBXBuildFile section */
		F2C5F4681ACCA2E700C32A98 /* main.m in Sources */ = {isa = PBXBuildFile; fileRef = F2C5F4671ACCA2E700C32A98 /* main.m */; };
		F2C5F46B1ACCA2E700C32A98 /* AppDelegate.m in Sources */ = {isa = PBXBuildFile; fileRef = F2C5F46A1ACCA2E700C32A98 /* AppDelegate.m */; };
		F2C5F46E1ACCA2E700C32A98 /* BookClub.xcdatamodeld in Sources */ = {isa = PBXBuildFile; fileRef = F2C5F46C1ACCA2E700C32A98 /* BookClub.xcdatamodeld */; };
		F2C5F4711ACCA2E700C32A98 /* FriendViewController.m in Sources */ = {isa = PBXBuildFile; fileRef = F2C5F4701ACCA2E700C32A98 /* FriendViewController.m */; };
		F2C5F4741ACCA2E700C32A98 /* Main.storyboard in Resources */ = {isa = PBXBuildFile; fileRef = F2C5F4721ACCA2E700C32A98 /* Main.storyboard */; };
		F2C5F4761ACCA2E700C32A98 /* Images.xcassets in Resources */ = {isa = PBXBuildFile; fileRef = F2C5F4751ACCA2E700C32A98 /* Images.xcassets */; };
		F2C5F4791ACCA2E700C32A98 /* LaunchScreen.xib in Resources */ = {isa = PBXBuildFile; fileRef = F2C5F4771ACCA2E700C32A98 /* LaunchScreen.xib */; };
		F2C5F4851ACCA2E700C32A98 /* BookClubTests.m in Sources */ = {isa = PBXBuildFile; fileRef = F2C5F4841ACCA2E700C32A98 /* BookClubTests.m */; };
		F2C5F4901ACD422300C32A98 /* Friend.m in Sources */ = {isa = PBXBuildFile; fileRef = F2C5F48F1ACD422300C32A98 /* Friend.m */; };
		F2C5F4931ACD422300C32A98 /* Comment.m in Sources */ = {isa = PBXBuildFile; fileRef = F2C5F4921ACD422300C32A98 /* Comment.m */; };
		F2C5F4961ACD422300C32A98 /* Book.m in Sources */ = {isa = PBXBuildFile; fileRef = F2C5F4951ACD422300C32A98 /* Book.m */; };
		F2C5F49A1ACD531600C32A98 /* FriendListViewController.m in Sources */ = {isa = PBXBuildFile; fileRef = F2C5F4991ACD531600C32A98 /* FriendListViewController.m */; };
		F2C5F49D1ACD8F5900C32A98 /* FriendDetailViewController.m in Sources */ = {isa = PBXBuildFile; fileRef = F2C5F49C1ACD8F5900C32A98 /* FriendDetailViewController.m */; };
		F2C5F4A01ACD8FA300C32A98 /* AddBookViewController.m in Sources */ = {isa = PBXBuildFile; fileRef = F2C5F49F1ACD8FA300C32A98 /* AddBookViewController.m */; };
		F2C5F4A31ACDA0DD00C32A98 /* CommentsViewController.m in Sources */ = {isa = PBXBuildFile; fileRef = F2C5F4A21ACDA0DD00C32A98 /* CommentsViewController.m */; };
/* End PBXBuildFile section */

/* Begin PBXContainerItemProxy section */
		F2C5F47F1ACCA2E700C32A98 /* PBXContainerItemProxy */ = {
			isa = PBXContainerItemProxy;
			containerPortal = F2C5F45A1ACCA2E700C32A98 /* Project object */;
			proxyType = 1;
			remoteGlobalIDString = F2C5F4611ACCA2E700C32A98;
			remoteInfo = BookClub;
		};
/* End PBXContainerItemProxy section */

/* Begin PBXFileReference section */
		F2C5F4621ACCA2E700C32A98 /* BookClub.app */ = {isa = PBXFileReference; explicitFileType = wrapper.application; includeInIndex = 0; path = BookClub.app; sourceTree = BUILT_PRODUCTS_DIR; };
		F2C5F4661ACCA2E700C32A98 /* Info.plist */ = {isa = PBXFileReference; lastKnownFileType = text.plist.xml; path = Info.plist; sourceTree = "<group>"; };
		F2C5F4671ACCA2E700C32A98 /* main.m */ = {isa = PBXFileReference; lastKnownFileType = sourcecode.c.objc; path = main.m; sourceTree = "<group>"; };
		F2C5F4691ACCA2E700C32A98 /* AppDelegate.h */ = {isa = PBXFileReference; lastKnownFileType = sourcecode.c.h; path = AppDelegate.h; sourceTree = "<group>"; };
		F2C5F46A1ACCA2E700C32A98 /* AppDelegate.m */ = {isa = PBXFileReference; lastKnownFileType = sourcecode.c.objc; path = AppDelegate.m; sourceTree = "<group>"; };
		F2C5F46D1ACCA2E700C32A98 /* BookClub.xcdatamodel */ = {isa = PBXFileReference; lastKnownFileType = wrapper.xcdatamodel; path = BookClub.xcdatamodel; sourceTree = "<group>"; };
		F2C5F46F1ACCA2E700C32A98 /* FriendViewController.h */ = {isa = PBXFileReference; lastKnownFileType = sourcecode.c.h; path = FriendViewController.h; sourceTree = "<group>"; };
		F2C5F4701ACCA2E700C32A98 /* FriendViewController.m */ = {isa = PBXFileReference; lastKnownFileType = sourcecode.c.objc; path = FriendViewController.m; sourceTree = "<group>"; };
		F2C5F4731ACCA2E700C32A98 /* Base */ = {isa = PBXFileReference; lastKnownFileType = file.storyboard; name = Base; path = Base.lproj/Main.storyboard; sourceTree = "<group>"; };
		F2C5F4751ACCA2E700C32A98 /* Images.xcassets */ = {isa = PBXFileReference; lastKnownFileType = folder.assetcatalog; path = Images.xcassets; sourceTree = "<group>"; };
		F2C5F4781ACCA2E700C32A98 /* Base */ = {isa = PBXFileReference; lastKnownFileType = file.xib; name = Base; path = Base.lproj/LaunchScreen.xib; sourceTree = "<group>"; };
		F2C5F47E1ACCA2E700C32A98 /* BookClubTests.xctest */ = {isa = PBXFileReference; explicitFileType = wrapper.cfbundle; includeInIndex = 0; path = BookClubTests.xctest; sourceTree = BUILT_PRODUCTS_DIR; };
		F2C5F4831ACCA2E700C32A98 /* Info.plist */ = {isa = PBXFileReference; lastKnownFileType = text.plist.xml; path = Info.plist; sourceTree = "<group>"; };
		F2C5F4841ACCA2E700C32A98 /* BookClubTests.m */ = {isa = PBXFileReference; lastKnownFileType = sourcecode.c.objc; path = BookClubTests.m; sourceTree = "<group>"; };
		F2C5F48E1ACD422300C32A98 /* Friend.h */ = {isa = PBXFileReference; fileEncoding = 4; lastKnownFileType = sourcecode.c.h; name = Friend.h; path = "BookClub/Data Model Objects/Friend.h"; sourceTree = "<group>"; };
		F2C5F48F1ACD422300C32A98 /* Friend.m */ = {isa = PBXFileReference; fileEncoding = 4; lastKnownFileType = sourcecode.c.objc; name = Friend.m; path = "BookClub/Data Model Objects/Friend.m"; sourceTree = "<group>"; };
		F2C5F4911ACD422300C32A98 /* Comment.h */ = {isa = PBXFileReference; fileEncoding = 4; lastKnownFileType = sourcecode.c.h; name = Comment.h; path = "BookClub/Data Model Objects/Comment.h"; sourceTree = "<group>"; };
		F2C5F4921ACD422300C32A98 /* Comment.m */ = {isa = PBXFileReference; fileEncoding = 4; lastKnownFileType = sourcecode.c.objc; name = Comment.m; path = "BookClub/Data Model Objects/Comment.m"; sourceTree = "<group>"; };
		F2C5F4941ACD422300C32A98 /* Book.h */ = {isa = PBXFileReference; fileEncoding = 4; lastKnownFileType = sourcecode.c.h; name = Book.h; path = "BookClub/Data Model Objects/Book.h"; sourceTree = "<group>"; };
		F2C5F4951ACD422300C32A98 /* Book.m */ = {isa = PBXFileReference; fileEncoding = 4; lastKnownFileType = sourcecode.c.objc; name = Book.m; path = "BookClub/Data Model Objects/Book.m"; sourceTree = "<group>"; };
		F2C5F4981ACD531600C32A98 /* FriendListViewController.h */ = {isa = PBXFileReference; fileEncoding = 4; lastKnownFileType = sourcecode.c.h; path = FriendListViewController.h; sourceTree = "<group>"; };
		F2C5F4991ACD531600C32A98 /* FriendListViewController.m */ = {isa = PBXFileReference; fileEncoding = 4; lastKnownFileType = sourcecode.c.objc; path = FriendListViewController.m; sourceTree = "<group>"; };
		F2C5F49B1ACD8F5900C32A98 /* FriendDetailViewController.h */ = {isa = PBXFileReference; fileEncoding = 4; lastKnownFileType = sourcecode.c.h; path = FriendDetailViewController.h; sourceTree = "<group>"; };
		F2C5F49C1ACD8F5900C32A98 /* FriendDetailViewController.m */ = {isa = PBXFileReference; fileEncoding = 4; lastKnownFileType = sourcecode.c.objc; path = FriendDetailViewController.m; sourceTree = "<group>"; };
		F2C5F49E1ACD8FA300C32A98 /* AddBookViewController.h */ = {isa = PBXFileReference; fileEncoding = 4; lastKnownFileType = sourcecode.c.h; path = AddBookViewController.h; sourceTree = "<group>"; };
		F2C5F49F1ACD8FA300C32A98 /* AddBookViewController.m */ = {isa = PBXFileReference; fileEncoding = 4; lastKnownFileType = sourcecode.c.objc; path = AddBookViewController.m; sourceTree = "<group>"; };
		F2C5F4A11ACDA0DD00C32A98 /* CommentsViewController.h */ = {isa = PBXFileReference; fileEncoding = 4; lastKnownFileType = sourcecode.c.h; path = CommentsViewController.h; sourceTree = "<group>"; };
		F2C5F4A21ACDA0DD00C32A98 /* CommentsViewController.m */ = {isa = PBXFileReference; fileEncoding = 4; lastKnownFileType = sourcecode.c.objc; path = CommentsViewController.m; sourceTree = "<group>"; };
/* End PBXFileReference section */

/* Begin PBXFrameworksBuildPhase section */
		F2C5F45F1ACCA2E700C32A98 /* Frameworks */ = {
			isa = PBXFrameworksBuildPhase;
			buildActionMask = 2147483647;
			files = (
			);
			runOnlyForDeploymentPostprocessing = 0;
		};
		F2C5F47B1ACCA2E700C32A98 /* Frameworks */ = {
			isa = PBXFrameworksBuildPhase;
			buildActionMask = 2147483647;
			files = (
			);
			runOnlyForDeploymentPostprocessing = 0;
		};
/* End PBXFrameworksBuildPhase section */

/* Begin PBXGroup section */
		F2C5F4591ACCA2E700C32A98 = {
			isa = PBXGroup;
			children = (
				F2C5F4641ACCA2E700C32A98 /* BookClub */,
				F2C5F4811ACCA2E700C32A98 /* BookClubTests */,
				F2C5F4631ACCA2E700C32A98 /* Products */,
			);
			sourceTree = "<group>";
		};
		F2C5F4631ACCA2E700C32A98 /* Products */ = {
			isa = PBXGroup;
			children = (
				F2C5F4621ACCA2E700C32A98 /* BookClub.app */,
				F2C5F47E1ACCA2E700C32A98 /* BookClubTests.xctest */,
			);
			name = Products;
			sourceTree = "<group>";
		};
		F2C5F4641ACCA2E700C32A98 /* BookClub */ = {
			isa = PBXGroup;
			children = (
				F2C5F4691ACCA2E700C32A98 /* AppDelegate.h */,
				F2C5F46A1ACCA2E700C32A98 /* AppDelegate.m */,
				F2C5F46F1ACCA2E700C32A98 /* FriendViewController.h */,
				F2C5F4701ACCA2E700C32A98 /* FriendViewController.m */,
				F2C5F4981ACD531600C32A98 /* FriendListViewController.h */,
				F2C5F4991ACD531600C32A98 /* FriendListViewController.m */,
				F2C5F49B1ACD8F5900C32A98 /* FriendDetailViewController.h */,
				F2C5F49C1ACD8F5900C32A98 /* FriendDetailViewController.m */,
				F2C5F49E1ACD8FA300C32A98 /* AddBookViewController.h */,
				F2C5F49F1ACD8FA300C32A98 /* AddBookViewController.m */,
				F2C5F4A11ACDA0DD00C32A98 /* CommentsViewController.h */,
				F2C5F4A21ACDA0DD00C32A98 /* CommentsViewController.m */,
				F2C5F4721ACCA2E700C32A98 /* Main.storyboard */,
				F2C5F4751ACCA2E700C32A98 /* Images.xcassets */,
				F2C5F4771ACCA2E700C32A98 /* LaunchScreen.xib */,
				F2C5F46C1ACCA2E700C32A98 /* BookClub.xcdatamodeld */,
				F2C5F4971ACD423A00C32A98 /* Data Model Objects */,
				F2C5F4651ACCA2E700C32A98 /* Supporting Files */,
			);
			path = BookClub;
			sourceTree = "<group>";
		};
		F2C5F4651ACCA2E700C32A98 /* Supporting Files */ = {
			isa = PBXGroup;
			children = (
				F2C5F4661ACCA2E700C32A98 /* Info.plist */,
				F2C5F4671ACCA2E700C32A98 /* main.m */,
			);
			name = "Supporting Files";
			sourceTree = "<group>";
		};
		F2C5F4811ACCA2E700C32A98 /* BookClubTests */ = {
			isa = PBXGroup;
			children = (
				F2C5F4841ACCA2E700C32A98 /* BookClubTests.m */,
				F2C5F4821ACCA2E700C32A98 /* Supporting Files */,
			);
			path = BookClubTests;
			sourceTree = "<group>";
		};
		F2C5F4821ACCA2E700C32A98 /* Supporting Files */ = {
			isa = PBXGroup;
			children = (
				F2C5F4831ACCA2E700C32A98 /* Info.plist */,
			);
			name = "Supporting Files";
			sourceTree = "<group>";
		};
		F2C5F4971ACD423A00C32A98 /* Data Model Objects */ = {
			isa = PBXGroup;
			children = (
				F2C5F4941ACD422300C32A98 /* Book.h */,
				F2C5F4951ACD422300C32A98 /* Book.m */,
				F2C5F4911ACD422300C32A98 /* Comment.h */,
				F2C5F4921ACD422300C32A98 /* Comment.m */,
				F2C5F48E1ACD422300C32A98 /* Friend.h */,
				F2C5F48F1ACD422300C32A98 /* Friend.m */,
			);
			name = "Data Model Objects";
			path = ..;
			sourceTree = "<group>";
		};
/* End PBXGroup section */

/* Begin PBXNativeTarget section */
		F2C5F4611ACCA2E700C32A98 /* BookClub */ = {
			isa = PBXNativeTarget;
			buildConfigurationList = F2C5F4881ACCA2E700C32A98 /* Build configuration list for PBXNativeTarget "BookClub" */;
			buildPhases = (
				F2C5F45E1ACCA2E700C32A98 /* Sources */,
				F2C5F45F1ACCA2E700C32A98 /* Frameworks */,
				F2C5F4601ACCA2E700C32A98 /* Resources */,
			);
			buildRules = (
			);
			dependencies = (
			);
			name = BookClub;
			productName = BookClub;
			productReference = F2C5F4621ACCA2E700C32A98 /* BookClub.app */;
			productType = "com.apple.product-type.application";
		};
		F2C5F47D1ACCA2E700C32A98 /* BookClubTests */ = {
			isa = PBXNativeTarget;
			buildConfigurationList = F2C5F48B1ACCA2E700C32A98 /* Build configuration list for PBXNativeTarget "BookClubTests" */;
			buildPhases = (
				F2C5F47A1ACCA2E700C32A98 /* Sources */,
				F2C5F47B1ACCA2E700C32A98 /* Frameworks */,
				F2C5F47C1ACCA2E700C32A98 /* Resources */,
			);
			buildRules = (
			);
			dependencies = (
				F2C5F4801ACCA2E700C32A98 /* PBXTargetDependency */,
			);
			name = BookClubTests;
			productName = BookClubTests;
			productReference = F2C5F47E1ACCA2E700C32A98 /* BookClubTests.xctest */;
			productType = "com.apple.product-type.bundle.unit-test";
		};
/* End PBXNativeTarget section */

/* Begin PBXProject section */
		F2C5F45A1ACCA2E700C32A98 /* Project object */ = {
			isa = PBXProject;
			attributes = {
				LastUpgradeCheck = 0620;
				ORGANIZATIONNAME = Ron;
				TargetAttributes = {
					F2C5F4611ACCA2E700C32A98 = {
						CreatedOnToolsVersion = 6.2;
					};
					F2C5F47D1ACCA2E700C32A98 = {
						CreatedOnToolsVersion = 6.2;
						TestTargetID = F2C5F4611ACCA2E700C32A98;
					};
				};
			};
			buildConfigurationList = F2C5F45D1ACCA2E700C32A98 /* Build configuration list for PBXProject "BookClub" */;
			compatibilityVersion = "Xcode 3.2";
			developmentRegion = English;
			hasScannedForEncodings = 0;
			knownRegions = (
				en,
				Base,
			);
			mainGroup = F2C5F4591ACCA2E700C32A98;
			productRefGroup = F2C5F4631ACCA2E700C32A98 /* Products */;
			projectDirPath = "";
			projectRoot = "";
			targets = (
				F2C5F4611ACCA2E700C32A98 /* BookClub */,
				F2C5F47D1ACCA2E700C32A98 /* BookClubTests */,
			);
		};
/* End PBXProject section */

/* Begin PBXResourcesBuildPhase section */
		F2C5F4601ACCA2E700C32A98 /* Resources */ = {
			isa = PBXResourcesBuildPhase;
			buildActionMask = 2147483647;
			files = (
				F2C5F4741ACCA2E700C32A98 /* Main.storyboard in Resources */,
				F2C5F4791ACCA2E700C32A98 /* LaunchScreen.xib in Resources */,
				F2C5F4761ACCA2E700C32A98 /* Images.xcassets in Resources */,
			);
			runOnlyForDeploymentPostprocessing = 0;
		};
		F2C5F47C1ACCA2E700C32A98 /* Resources */ = {
			isa = PBXResourcesBuildPhase;
			buildActionMask = 2147483647;
			files = (
			);
			runOnlyForDeploymentPostprocessing = 0;
		};
/* End PBXResourcesBuildPhase section */

/* Begin PBXSourcesBuildPhase section */
		F2C5F45E1ACCA2E700C32A98 /* Sources */ = {
			isa = PBXSourcesBuildPhase;
			buildActionMask = 2147483647;
			files = (
				F2C5F49A1ACD531600C32A98 /* FriendListViewController.m in Sources */,
				F2C5F46B1ACCA2E700C32A98 /* AppDelegate.m in Sources */,
				F2C5F4A31ACDA0DD00C32A98 /* CommentsViewController.m in Sources */,
				F2C5F4931ACD422300C32A98 /* Comment.m in Sources */,
				F2C5F4A01ACD8FA300C32A98 /* AddBookViewController.m in Sources */,
				F2C5F4901ACD422300C32A98 /* Friend.m in Sources */,
				F2C5F49D1ACD8F5900C32A98 /* FriendDetailViewController.m in Sources */,
				F2C5F46E1ACCA2E700C32A98 /* BookClub.xcdatamodeld in Sources */,
				F2C5F4711ACCA2E700C32A98 /* FriendViewController.m in Sources */,
				F2C5F4961ACD422300C32A98 /* Book.m in Sources */,
				F2C5F4681ACCA2E700C32A98 /* main.m in Sources */,
			);
			runOnlyForDeploymentPostprocessing = 0;
		};
		F2C5F47A1ACCA2E700C32A98 /* Sources */ = {
			isa = PBXSourcesBuildPhase;
			buildActionMask = 2147483647;
			files = (
				F2C5F4851ACCA2E700C32A98 /* BookClubTests.m in Sources */,
			);
			runOnlyForDeploymentPostprocessing = 0;
		};
/* End PBXSourcesBuildPhase section */

/* Begin PBXTargetDependency section */
		F2C5F4801ACCA2E700C32A98 /* PBXTargetDependency */ = {
			isa = PBXTargetDependency;
			target = F2C5F4611ACCA2E700C32A98 /* BookClub */;
			targetProxy = F2C5F47F1ACCA2E700C32A98 /* PBXContainerItemProxy */;
		};
/* End PBXTargetDependency section */

/* Begin PBXVariantGroup section */
		F2C5F4721ACCA2E700C32A98 /* Main.storyboard */ = {
			isa = PBXVariantGroup;
			children = (
				F2C5F4731ACCA2E700C32A98 /* Base */,
			);
			name = Main.storyboard;
			sourceTree = "<group>";
		};
		F2C5F4771ACCA2E700C32A98 /* LaunchScreen.xib */ = {
			isa = PBXVariantGroup;
			children = (
				F2C5F4781ACCA2E700C32A98 /* Base */,
			);
			name = LaunchScreen.xib;
			sourceTree = "<group>";
		};
/* End PBXVariantGroup section */

/* Begin XCBuildConfiguration section */
		F2C5F4861ACCA2E700C32A98 /* Debug */ = {
			isa = XCBuildConfiguration;
			buildSettings = {
				ALWAYS_SEARCH_USER_PATHS = NO;
				CLANG_CXX_LANGUAGE_STANDARD = "gnu++0x";
				CLANG_CXX_LIBRARY = "libc++";
				CLANG_ENABLE_MODULES = YES;
				CLANG_ENABLE_OBJC_ARC = YES;
				CLANG_WARN_BOOL_CONVERSION = YES;
				CLANG_WARN_CONSTANT_CONVERSION = YES;
				CLANG_WARN_DIRECT_OBJC_ISA_USAGE = YES_ERROR;
				CLANG_WARN_EMPTY_BODY = YES;
				CLANG_WARN_ENUM_CONVERSION = YES;
				CLANG_WARN_INT_CONVERSION = YES;
				CLANG_WARN_OBJC_ROOT_CLASS = YES_ERROR;
				CLANG_WARN_UNREACHABLE_CODE = YES;
				CLANG_WARN__DUPLICATE_METHOD_MATCH = YES;
				"CODE_SIGN_IDENTITY[sdk=iphoneos*]" = "iPhone Developer";
				COPY_PHASE_STRIP = NO;
				ENABLE_STRICT_OBJC_MSGSEND = YES;
				GCC_C_LANGUAGE_STANDARD = gnu99;
				GCC_DYNAMIC_NO_PIC = NO;
				GCC_OPTIMIZATION_LEVEL = 0;
				GCC_PREPROCESSOR_DEFINITIONS = (
					"DEBUG=1",
					"$(inherited)",
				);
				GCC_SYMBOLS_PRIVATE_EXTERN = NO;
				GCC_WARN_64_TO_32_BIT_CONVERSION = YES;
				GCC_WARN_ABOUT_RETURN_TYPE = YES_ERROR;
				GCC_WARN_UNDECLARED_SELECTOR = YES;
				GCC_WARN_UNINITIALIZED_AUTOS = YES_AGGRESSIVE;
				GCC_WARN_UNUSED_FUNCTION = YES;
				GCC_WARN_UNUSED_VARIABLE = YES;
				IPHONEOS_DEPLOYMENT_TARGET = 8.2;
				MTL_ENABLE_DEBUG_INFO = YES;
				ONLY_ACTIVE_ARCH = YES;
				SDKROOT = iphoneos;
			};
			name = Debug;
		};
		F2C5F4871ACCA2E700C32A98 /* Release */ = {
			isa = XCBuildConfiguration;
			buildSettings = {
				ALWAYS_SEARCH_USER_PATHS = NO;
				CLANG_CXX_LANGUAGE_STANDARD = "gnu++0x";
				CLANG_CXX_LIBRARY = "libc++";
				CLANG_ENABLE_MODULES = YES;
				CLANG_ENABLE_OBJC_ARC = YES;
				CLANG_WARN_BOOL_CONVERSION = YES;
				CLANG_WARN_CONSTANT_CONVERSION = YES;
				CLANG_WARN_DIRECT_OBJC_ISA_USAGE = YES_ERROR;
				CLANG_WARN_EMPTY_BODY = YES;
				CLANG_WARN_ENUM_CONVERSION = YES;
				CLANG_WARN_INT_CONVERSION = YES;
				CLANG_WARN_OBJC_ROOT_CLASS = YES_ERROR;
				CLANG_WARN_UNREACHABLE_CODE = YES;
				CLANG_WARN__DUPLICATE_METHOD_MATCH = YES;
				"CODE_SIGN_IDENTITY[sdk=iphoneos*]" = "iPhone Developer";
				COPY_PHASE_STRIP = NO;
				ENABLE_NS_ASSERTIONS = NO;
				ENABLE_STRICT_OBJC_MSGSEND = YES;
				GCC_C_LANGUAGE_STANDARD = gnu99;
				GCC_WARN_64_TO_32_BIT_CONVERSION = YES;
				GCC_WARN_ABOUT_RETURN_TYPE = YES_ERROR;
				GCC_WARN_UNDECLARED_SELECTOR = YES;
				GCC_WARN_UNINITIALIZED_AUTOS = YES_AGGRESSIVE;
				GCC_WARN_UNUSED_FUNCTION = YES;
				GCC_WARN_UNUSED_VARIABLE = YES;
				IPHONEOS_DEPLOYMENT_TARGET = 8.2;
				MTL_ENABLE_DEBUG_INFO = NO;
				SDKROOT = iphoneos;
				VALIDATE_PRODUCT = YES;
			};
			name = Release;
		};
		F2C5F4891ACCA2E700C32A98 /* Debug */ = {
			isa = XCBuildConfiguration;
			buildSettings = {
				ASSETCATALOG_COMPILER_APPICON_NAME = AppIcon;
				INFOPLIST_FILE = BookClub/Info.plist;
				LD_RUNPATH_SEARCH_PATHS = "$(inherited) @executable_path/Frameworks";
				PRODUCT_NAME = "$(TARGET_NAME)";
			};
			name = Debug;
		};
		F2C5F48A1ACCA2E700C32A98 /* Release */ = {
			isa = XCBuildConfiguration;
			buildSettings = {
				ASSETCATALOG_COMPILER_APPICON_NAME = AppIcon;
				INFOPLIST_FILE = BookClub/Info.plist;
				LD_RUNPATH_SEARCH_PATHS = "$(inherited) @executable_path/Frameworks";
				PRODUCT_NAME = "$(TARGET_NAME)";
			};
			name = Release;
		};
		F2C5F48C1ACCA2E700C32A98 /* Debug */ = {
			isa = XCBuildConfiguration;
			buildSettings = {
				BUNDLE_LOADER = "$(TEST_HOST)";
				FRAMEWORK_SEARCH_PATHS = (
					"$(SDKROOT)/Developer/Library/Frameworks",
					"$(inherited)",
				);
				GCC_PREPROCESSOR_DEFINITIONS = (
					"DEBUG=1",
					"$(inherited)",
				);
				INFOPLIST_FILE = BookClubTests/Info.plist;
				LD_RUNPATH_SEARCH_PATHS = "$(inherited) @executable_path/Frameworks @loader_path/Frameworks";
				PRODUCT_NAME = "$(TARGET_NAME)";
				TEST_HOST = "$(BUILT_PRODUCTS_DIR)/BookClub.app/BookClub";
			};
			name = Debug;
		};
		F2C5F48D1ACCA2E700C32A98 /* Release */ = {
			isa = XCBuildConfiguration;
			buildSettings = {
				BUNDLE_LOADER = "$(TEST_HOST)";
				FRAMEWORK_SEARCH_PATHS = (
					"$(SDKROOT)/Developer/Library/Frameworks",
					"$(inherited)",
				);
				INFOPLIST_FILE = BookClubTests/Info.plist;
				LD_RUNPATH_SEARCH_PATHS = "$(inherited) @executable_path/Frameworks @loader_path/Frameworks";
				PRODUCT_NAME = "$(TARGET_NAME)";
				TEST_HOST = "$(BUILT_PRODUCTS_DIR)/BookClub.app/BookClub";
			};
			name = Release;
		};
/* End XCBuildConfiguration section */

/* Begin XCConfigurationList section */
		F2C5F45D1ACCA2E700C32A98 /* Build configuration list for PBXProject "BookClub" */ = {
			isa = XCConfigurationList;
			buildConfigurations = (
				F2C5F4861ACCA2E700C32A98 /* Debug */,
				F2C5F4871ACCA2E700C32A98 /* Release */,
			);
			defaultConfigurationIsVisible = 0;
			defaultConfigurationName = Release;
		};
		F2C5F4881ACCA2E700C32A98 /* Build configuration list for PBXNativeTarget "BookClub" */ = {
			isa = XCConfigurationList;
			buildConfigurations = (
				F2C5F4891ACCA2E700C32A98 /* Debug */,
				F2C5F48A1ACCA2E700C32A98 /* Release */,
			);
			defaultConfigurationIsVisible = 0;
		};
		F2C5F48B1ACCA2E700C32A98 /* Build configuration list for PBXNativeTarget "BookClubTests" */ = {
			isa = XCConfigurationList;
			buildConfigurations = (
				F2C5F48C1ACCA2E700C32A98 /* Debug */,
				F2C5F48D1ACCA2E700C32A98 /* Release */,
			);
			defaultConfigurationIsVisible = 0;
		};
/* End XCConfigurationList section */

/* Begin XCVersionGroup section */
		F2C5F46C1ACCA2E700C32A98 /* BookClub.xcdatamodeld */ = {
			isa = XCVersionGroup;
			children = (
				F2C5F46D1ACCA2E700C32A98 /* BookClub.xcdatamodel */,
			);
			currentVersion = F2C5F46D1ACCA2E700C32A98 /* BookClub.xcdatamodel */;
			path = BookClub.xcdatamodeld;
			sourceTree = "<group>";
			versionGroupType = wrapper.xcdatamodel;
		};
/* End XCVersionGroup section */
	};
	rootObject = F2C5F45A1ACCA2E700C32A98 /* Project object */;
}
